
Microsoft Visual Studio Solution File, Format Version 12.00
# Visual Studio 2012
Project("{FAE04EC0-301F-11D3-BF4B-00C04F79EFBC}") = "SwiftPbo", "SwiftPbo\SwiftPbo.csproj", "{8688A0F5-A404-4707-B98B-563213964E72}"
EndProject
Project("{2150E333-8FDC-42A3-9474-1A3956D46DE8}") = ".nuget", ".nuget", "{5ED640E2-34D0-4529-87B5-AEAF62623489}"
	ProjectSection(SolutionItems) = preProject
		.nuget\packages.config = .nuget\packages.config
	EndProjectSection
EndProject
Project("{FAE04EC0-301F-11D3-BF4B-00C04F79EFBC}") = "SwiftPbo.Tests", "SwiftPbo.Tests\SwiftPbo.Tests.csproj", "{9199EAB1-9FEC-4DB9-96A9-3EEA7BA25849}"
EndProject
Global
	GlobalSection(SolutionConfigurationPlatforms) = preSolution
		Debug|Any CPU = Debug|Any CPU
		Debug|Mixed Platforms = Debug|Mixed Platforms
		Debug|Win32 = Debug|Win32
		Release|Any CPU = Release|Any CPU
		Release|Mixed Platforms = Release|Mixed Platforms
		Release|Win32 = Release|Win32
	EndGlobalSection
	GlobalSection(ProjectConfigurationPlatforms) = postSolution
		{8688A0F5-A404-4707-B98B-563213964E72}.Debug|Any CPU.ActiveCfg = Debug|Any CPU
		{8688A0F5-A404-4707-B98B-563213964E72}.Debug|Any CPU.Build.0 = Debug|Any CPU
		{8688A0F5-A404-4707-B98B-563213964E72}.Debug|Mixed Platforms.ActiveCfg = Debug|Any CPU
		{8688A0F5-A404-4707-B98B-563213964E72}.Debug|Mixed Platforms.Build.0 = Debug|Any CPU
		{8688A0F5-A404-4707-B98B-563213964E72}.Debug|Win32.ActiveCfg = Debug|Any CPU
		{8688A0F5-A404-4707-B98B-563213964E72}.Release|Any CPU.ActiveCfg = Release|Any CPU
		{8688A0F5-A404-4707-B98B-563213964E72}.Release|Any CPU.Build.0 = Release|Any CPU
		{8688A0F5-A404-4707-B98B-563213964E72}.Release|Mixed Platforms.ActiveCfg = Release|Any CPU
		{8688A0F5-A404-4707-B98B-563213964E72}.Release|Mixed Platforms.Build.0 = Release|Any CPU
		{8688A0F5-A404-4707-B98B-563213964E72}.Release|Win32.ActiveCfg = Release|Any CPU
		{9199EAB1-9FEC-4DB9-96A9-3EEA7BA25849}.Debug|Any CPU.ActiveCfg = Debug|Any CPU
		{9199EAB1-9FEC-4DB9-96A9-3EEA7BA25849}.Debug|Any CPU.Build.0 = Debug|Any CPU
		{9199EAB1-9FEC-4DB9-96A9-3EEA7BA25849}.Debug|Mixed Platforms.ActiveCfg = Debug|Any CPU
		{9199EAB1-9FEC-4DB9-96A9-3EEA7BA25849}.Debug|Mixed Platforms.Build.0 = Debug|Any CPU
		{9199EAB1-9FEC-4DB9-96A9-3EEA7BA25849}.Debug|Win32.ActiveCfg = Debug|Any CPU
		{9199EAB1-9FEC-4DB9-96A9-3EEA7BA25849}.Release|Any CPU.ActiveCfg = Release|Any CPU
		{9199EAB1-9FEC-4DB9-96A9-3EEA7BA25849}.Release|Any CPU.Build.0 = Release|Any CPU
		{9199EAB1-9FEC-4DB9-96A9-3EEA7BA25849}.Release|Mixed Platforms.ActiveCfg = Release|Any CPU
		{9199EAB1-9FEC-4DB9-96A9-3EEA7BA25849}.Release|Mixed Platforms.Build.0 = Release|Any CPU
		{9199EAB1-9FEC-4DB9-96A9-3EEA7BA25849}.Release|Win32.ActiveCfg = Release|Any CPU
	EndGlobalSection
	GlobalSection(SolutionProperties) = preSolution
		HideSolutionNode = FALSE
	EndGlobalSection
EndGlobal
